
Microsoft Visual Studio Solution File, Format Version 12.00
# Visual Studio Version 17
VisualStudioVersion = 17.8.34330.188
MinimumVisualStudioVersion = 10.0.40219.1
Project("{FAE04EC0-301F-11D3-BF4B-00C04F79EFBC}") = "abstraction", "abstraction\abstraction.csproj", "{5D12E0A6-F437-4230-A904-EFBB2BC6EB08}"
EndProject
Global
	GlobalSection(SolutionConfigurationPlatforms) = preSolution
		Debug|Any CPU = Debug|Any CPU
		Release|Any CPU = Release|Any CPU
	EndGlobalSection
	GlobalSection(ProjectConfigurationPlatforms) = postSolution
		{5D12E0A6-F437-4230-A904-EFBB2BC6EB08}.Debug|Any CPU.ActiveCfg = Debug|Any CPU
		{5D12E0A6-F437-4230-A904-EFBB2BC6EB08}.Debug|Any CPU.Build.0 = Debug|Any CPU
		{5D12E0A6-F437-4230-A904-EFBB2BC6EB08}.Release|Any CPU.ActiveCfg = Release|Any CPU
		{5D12E0A6-F437-4230-A904-EFBB2BC6EB08}.Release|Any CPU.Build.0 = Release|Any CPU
	EndGlobalSection
	GlobalSection(SolutionProperties) = preSolution
		HideSolutionNode = FALSE
	EndGlobalSection
	GlobalSection(ExtensibilityGlobals) = postSolution
		SolutionGuid = {DF118BAA-55F7-46A3-B6E4-AD905D174AD9}
	EndGlobalSection
EndGlobal
