
Microsoft Visual Studio Solution File, Format Version 12.00
# Visual Studio Version 17
VisualStudioVersion = 17.8.34330.188
MinimumVisualStudioVersion = 10.0.40219.1
Project("{FAE04EC0-301F-11D3-BF4B-00C04F79EFBC}") = "constructor", "constructor\constructor.csproj", "{7C0752EE-BCEA-4EEA-8946-B3207AC56AC6}"
EndProject
Global
	GlobalSection(SolutionConfigurationPlatforms) = preSolution
		Debug|Any CPU = Debug|Any CPU
		Release|Any CPU = Release|Any CPU
	EndGlobalSection
	GlobalSection(ProjectConfigurationPlatforms) = postSolution
		{7C0752EE-BCEA-4EEA-8946-B3207AC56AC6}.Debug|Any CPU.ActiveCfg = Debug|Any CPU
		{7C0752EE-BCEA-4EEA-8946-B3207AC56AC6}.Debug|Any CPU.Build.0 = Debug|Any CPU
		{7C0752EE-BCEA-4EEA-8946-B3207AC56AC6}.Release|Any CPU.ActiveCfg = Release|Any CPU
		{7C0752EE-BCEA-4EEA-8946-B3207AC56AC6}.Release|Any CPU.Build.0 = Release|Any CPU
	EndGlobalSection
	GlobalSection(SolutionProperties) = preSolution
		HideSolutionNode = FALSE
	EndGlobalSection
	GlobalSection(ExtensibilityGlobals) = postSolution
		SolutionGuid = {0EE3D316-5323-4295-ABCF-AAFD6F9182B3}
	EndGlobalSection
EndGlobal
