
Microsoft Visual Studio Solution File, Format Version 12.00
# Visual Studio Version 17
VisualStudioVersion = 17.8.34330.188
MinimumVisualStudioVersion = 10.0.40219.1
Project("{FAE04EC0-301F-11D3-BF4B-00C04F79EFBC}") = "çalışma3", "çalışma3\çalışma3.csproj", "{EBDADEEC-5620-4E40-84FA-8394CA6EAE1E}"
EndProject
Global
	GlobalSection(SolutionConfigurationPlatforms) = preSolution
		Debug|Any CPU = Debug|Any CPU
		Release|Any CPU = Release|Any CPU
	EndGlobalSection
	GlobalSection(ProjectConfigurationPlatforms) = postSolution
		{EBDADEEC-5620-4E40-84FA-8394CA6EAE1E}.Debug|Any CPU.ActiveCfg = Debug|Any CPU
		{EBDADEEC-5620-4E40-84FA-8394CA6EAE1E}.Debug|Any CPU.Build.0 = Debug|Any CPU
		{EBDADEEC-5620-4E40-84FA-8394CA6EAE1E}.Release|Any CPU.ActiveCfg = Release|Any CPU
		{EBDADEEC-5620-4E40-84FA-8394CA6EAE1E}.Release|Any CPU.Build.0 = Release|Any CPU
	EndGlobalSection
	GlobalSection(SolutionProperties) = preSolution
		HideSolutionNode = FALSE
	EndGlobalSection
	GlobalSection(ExtensibilityGlobals) = postSolution
		SolutionGuid = {F095EC6D-F0BE-48F3-97CC-92FB9BE64DDF}
	EndGlobalSection
EndGlobal
