
Microsoft Visual Studio Solution File, Format Version 12.00
# Visual Studio Version 17
VisualStudioVersion = 17.8.34330.188
MinimumVisualStudioVersion = 10.0.40219.1
Project("{FAE04EC0-301F-11D3-BF4B-00C04F79EFBC}") = "örnek2", "örnek2\örnek2.csproj", "{F94D90E9-33D4-4639-A826-D73E0E033A4E}"
EndProject
Global
	GlobalSection(SolutionConfigurationPlatforms) = preSolution
		Debug|Any CPU = Debug|Any CPU
		Release|Any CPU = Release|Any CPU
	EndGlobalSection
	GlobalSection(ProjectConfigurationPlatforms) = postSolution
		{F94D90E9-33D4-4639-A826-D73E0E033A4E}.Debug|Any CPU.ActiveCfg = Debug|Any CPU
		{F94D90E9-33D4-4639-A826-D73E0E033A4E}.Debug|Any CPU.Build.0 = Debug|Any CPU
		{F94D90E9-33D4-4639-A826-D73E0E033A4E}.Release|Any CPU.ActiveCfg = Release|Any CPU
		{F94D90E9-33D4-4639-A826-D73E0E033A4E}.Release|Any CPU.Build.0 = Release|Any CPU
	EndGlobalSection
	GlobalSection(SolutionProperties) = preSolution
		HideSolutionNode = FALSE
	EndGlobalSection
	GlobalSection(ExtensibilityGlobals) = postSolution
		SolutionGuid = {D129B0B0-F728-4623-855E-564F15E4C5B6}
	EndGlobalSection
EndGlobal
